// !$*UTF8*$!
{
	archiveVersion = 1;
	classes = {
	};
	objectVersion = 56;
	objects = {

/* Begin PBXBuildFile section */
		CD0A2E412A3920EB001323FF /* HTTPClient.swift in Sources */ = {isa = PBXBuildFile; fileRef = CD0A2E402A3920EB001323FF /* HTTPClient.swift */; };
		CD0A2E442A3929B2001323FF /* ProductListView.swift in Sources */ = {isa = PBXBuildFile; fileRef = CD0A2E432A3929B2001323FF /* ProductListView.swift */; };
		CD614F3429EF4CEE0057E4AE /* AppDelegate.swift in Sources */ = {isa = PBXBuildFile; fileRef = CD614F3329EF4CEE0057E4AE /* AppDelegate.swift */; };
		CD614F3629EF4CEE0057E4AE /* SceneDelegate.swift in Sources */ = {isa = PBXBuildFile; fileRef = CD614F3529EF4CEE0057E4AE /* SceneDelegate.swift */; };
		CD614F3829EF4CEE0057E4AE /* ViewController.swift in Sources */ = {isa = PBXBuildFile; fileRef = CD614F3729EF4CEE0057E4AE /* ViewController.swift */; };
		CD614F3B29EF4CEE0057E4AE /* Main.storyboard in Resources */ = {isa = PBXBuildFile; fileRef = CD614F3929EF4CEE0057E4AE /* Main.storyboard */; };
		CD614F3D29EF4CF00057E4AE /* Assets.xcassets in Resources */ = {isa = PBXBuildFile; fileRef = CD614F3C29EF4CF00057E4AE /* Assets.xcassets */; };
		CD614F4029EF4CF00057E4AE /* LaunchScreen.storyboard in Resources */ = {isa = PBXBuildFile; fileRef = CD614F3E29EF4CF00057E4AE /* LaunchScreen.storyboard */; };
		CD7139242A1D7662002A8248 /* iOSLearningCircleModels.xcdatamodeld in Sources */ = {isa = PBXBuildFile; fileRef = CD7139222A1D7662002A8248 /* iOSLearningCircleModels.xcdatamodeld */; };
		CD7139262A1D7D2C002A8248 /* CoreDataManager.swift in Sources */ = {isa = PBXBuildFile; fileRef = CD7139252A1D7D2C002A8248 /* CoreDataManager.swift */; };
		CD79CA8129F890690006E384 /* CreateCompanyController.swift in Sources */ = {isa = PBXBuildFile; fileRef = CD79CA8029F890690006E384 /* CreateCompanyController.swift */; };
		CD98E66F2A425D970059620E /* ProductRowView.swift in Sources */ = {isa = PBXBuildFile; fileRef = CD98E66E2A425D970059620E /* ProductRowView.swift */; };
		CD98E6712A42640C0059620E /* ProductDetailView.swift in Sources */ = {isa = PBXBuildFile; fileRef = CD98E6702A42640B0059620E /* ProductDetailView.swift */; };
		CDB90C802A4CF24B0048220E /* WelcomeView.swift in Sources */ = {isa = PBXBuildFile; fileRef = CDB90C7F2A4CF24B0048220E /* WelcomeView.swift */; };
		CDC16DAC2A2FF1A100883192 /* UIImageView+CircularImage.swift in Sources */ = {isa = PBXBuildFile; fileRef = CDC16DAB2A2FF1A100883192 /* UIImageView+CircularImage.swift */; };
		CDC1AE532A0AE402007A1217 /* CompanyCell.swift in Sources */ = {isa = PBXBuildFile; fileRef = CDC1AE512A0AE402007A1217 /* CompanyCell.swift */; };
		CDC1AE542A0AE402007A1217 /* CompanyCell.xib in Resources */ = {isa = PBXBuildFile; fileRef = CDC1AE522A0AE402007A1217 /* CompanyCell.xib */; };
		CDCF88442A5F5C30007DCF68 /* CompaniesControllerWrapper.swift in Sources */ = {isa = PBXBuildFile; fileRef = CDCF88432A5F5C30007DCF68 /* CompaniesControllerWrapper.swift */; };
		CDCF88472A5F6385007DCF68 /* CollectionViewController.swift in Sources */ = {isa = PBXBuildFile; fileRef = CDCF88462A5F6385007DCF68 /* CollectionViewController.swift */; };
		CDDE65202A01C4A600B205FF /* CompaniesController.swift in Sources */ = {isa = PBXBuildFile; fileRef = CDDE651F2A01C4A600B205FF /* CompaniesController.swift */; };
		CDDE65222A01CBF900B205FF /* Company.swift in Sources */ = {isa = PBXBuildFile; fileRef = CDDE65212A01CBF900B205FF /* Company.swift */; };
		E81472242A68A57C005C2F41 /* SDWebImage in Frameworks */ = {isa = PBXBuildFile; productRef = E81472232A68A57C005C2F41 /* SDWebImage */; };
/* End PBXBuildFile section */

/* Begin PBXFileReference section */
		CD0A2E402A3920EB001323FF /* HTTPClient.swift */ = {isa = PBXFileReference; lastKnownFileType = sourcecode.swift; path = HTTPClient.swift; sourceTree = "<group>"; };
		CD0A2E432A3929B2001323FF /* ProductListView.swift */ = {isa = PBXFileReference; lastKnownFileType = sourcecode.swift; path = ProductListView.swift; sourceTree = "<group>"; };
		CD614F3029EF4CEE0057E4AE /* iOSLearningCircle.app */ = {isa = PBXFileReference; explicitFileType = wrapper.application; includeInIndex = 0; path = iOSLearningCircle.app; sourceTree = BUILT_PRODUCTS_DIR; };
		CD614F3329EF4CEE0057E4AE /* AppDelegate.swift */ = {isa = PBXFileReference; lastKnownFileType = sourcecode.swift; path = AppDelegate.swift; sourceTree = "<group>"; };
		CD614F3529EF4CEE0057E4AE /* SceneDelegate.swift */ = {isa = PBXFileReference; lastKnownFileType = sourcecode.swift; path = SceneDelegate.swift; sourceTree = "<group>"; };
		CD614F3729EF4CEE0057E4AE /* ViewController.swift */ = {isa = PBXFileReference; lastKnownFileType = sourcecode.swift; path = ViewController.swift; sourceTree = "<group>"; };
		CD614F3A29EF4CEE0057E4AE /* Base */ = {isa = PBXFileReference; lastKnownFileType = file.storyboard; name = Base; path = Base.lproj/Main.storyboard; sourceTree = "<group>"; };
		CD614F3C29EF4CF00057E4AE /* Assets.xcassets */ = {isa = PBXFileReference; lastKnownFileType = folder.assetcatalog; path = Assets.xcassets; sourceTree = "<group>"; };
		CD614F3F29EF4CF00057E4AE /* Base */ = {isa = PBXFileReference; lastKnownFileType = file.storyboard; name = Base; path = Base.lproj/LaunchScreen.storyboard; sourceTree = "<group>"; };
		CD614F4129EF4CF00057E4AE /* Info.plist */ = {isa = PBXFileReference; lastKnownFileType = text.plist.xml; path = Info.plist; sourceTree = "<group>"; };
		CD7139232A1D7662002A8248 /* iOSLearningCircleModels.xcdatamodel */ = {isa = PBXFileReference; lastKnownFileType = wrapper.xcdatamodel; path = iOSLearningCircleModels.xcdatamodel; sourceTree = "<group>"; };
		CD7139252A1D7D2C002A8248 /* CoreDataManager.swift */ = {isa = PBXFileReference; lastKnownFileType = sourcecode.swift; path = CoreDataManager.swift; sourceTree = "<group>"; };
		CD79CA8029F890690006E384 /* CreateCompanyController.swift */ = {isa = PBXFileReference; lastKnownFileType = sourcecode.swift; path = CreateCompanyController.swift; sourceTree = "<group>"; };
		CD98E66E2A425D970059620E /* ProductRowView.swift */ = {isa = PBXFileReference; lastKnownFileType = sourcecode.swift; path = ProductRowView.swift; sourceTree = "<group>"; };
		CD98E6702A42640B0059620E /* ProductDetailView.swift */ = {isa = PBXFileReference; lastKnownFileType = sourcecode.swift; path = ProductDetailView.swift; sourceTree = "<group>"; };
		CDB90C7F2A4CF24B0048220E /* WelcomeView.swift */ = {isa = PBXFileReference; lastKnownFileType = sourcecode.swift; path = WelcomeView.swift; sourceTree = "<group>"; };
		CDC16DAB2A2FF1A100883192 /* UIImageView+CircularImage.swift */ = {isa = PBXFileReference; lastKnownFileType = sourcecode.swift; path = "UIImageView+CircularImage.swift"; sourceTree = "<group>"; };
		CDC1AE512A0AE402007A1217 /* CompanyCell.swift */ = {isa = PBXFileReference; lastKnownFileType = sourcecode.swift; path = CompanyCell.swift; sourceTree = "<group>"; };
		CDC1AE522A0AE402007A1217 /* CompanyCell.xib */ = {isa = PBXFileReference; lastKnownFileType = file.xib; path = CompanyCell.xib; sourceTree = "<group>"; };
		CDCF88432A5F5C30007DCF68 /* CompaniesControllerWrapper.swift */ = {isa = PBXFileReference; lastKnownFileType = sourcecode.swift; path = CompaniesControllerWrapper.swift; sourceTree = "<group>"; };
		CDCF88462A5F6385007DCF68 /* CollectionViewController.swift */ = {isa = PBXFileReference; lastKnownFileType = sourcecode.swift; path = CollectionViewController.swift; sourceTree = "<group>"; };
		CDDE651F2A01C4A600B205FF /* CompaniesController.swift */ = {isa = PBXFileReference; lastKnownFileType = sourcecode.swift; path = CompaniesController.swift; sourceTree = "<group>"; };
		CDDE65212A01CBF900B205FF /* Company.swift */ = {isa = PBXFileReference; lastKnownFileType = sourcecode.swift; path = Company.swift; sourceTree = "<group>"; };
/* End PBXFileReference section */

/* Begin PBXFrameworksBuildPhase section */
		CD614F2D29EF4CEE0057E4AE /* Frameworks */ = {
			isa = PBXFrameworksBuildPhase;
			buildActionMask = 2147483647;
			files = (
				E81472242A68A57C005C2F41 /* SDWebImage in Frameworks */,
			);
			runOnlyForDeploymentPostprocessing = 0;
		};
/* End PBXFrameworksBuildPhase section */

/* Begin PBXGroup section */
		CD0A2E3C2A392083001323FF /* ViewController */ = {
			isa = PBXGroup;
			children = (
				CD614F3729EF4CEE0057E4AE /* ViewController.swift */,
				CDDE651F2A01C4A600B205FF /* CompaniesController.swift */,
				CD79CA8029F890690006E384 /* CreateCompanyController.swift */,
				CDCF88462A5F6385007DCF68 /* CollectionViewController.swift */,
			);
			path = ViewController;
			sourceTree = "<group>";
		};
		CD0A2E3D2A39208E001323FF /* View */ = {
			isa = PBXGroup;
			children = (
				CDC1AE512A0AE402007A1217 /* CompanyCell.swift */,
				CDC1AE522A0AE402007A1217 /* CompanyCell.xib */,
			);
			path = View;
			sourceTree = "<group>";
		};
		CD0A2E3E2A392096001323FF /* Utils */ = {
			isa = PBXGroup;
			children = (
				CDC16DAB2A2FF1A100883192 /* UIImageView+CircularImage.swift */,
			);
			path = Utils;
			sourceTree = "<group>";
		};
		CD0A2E3F2A39209C001323FF /* Service */ = {
			isa = PBXGroup;
			children = (
				CD7139252A1D7D2C002A8248 /* CoreDataManager.swift */,
				CD0A2E402A3920EB001323FF /* HTTPClient.swift */,
			);
			path = Service;
			sourceTree = "<group>";
		};
		CD0A2E422A39299A001323FF /* SwiftUIViews */ = {
			isa = PBXGroup;
			children = (
				CD0A2E432A3929B2001323FF /* ProductListView.swift */,
				CD98E66E2A425D970059620E /* ProductRowView.swift */,
				CD98E6702A42640B0059620E /* ProductDetailView.swift */,
				CDB90C7F2A4CF24B0048220E /* WelcomeView.swift */,
				CDCF88432A5F5C30007DCF68 /* CompaniesControllerWrapper.swift */,
			);
			path = SwiftUIViews;
			sourceTree = "<group>";
		};
		CD614F2729EF4CEE0057E4AE = {
			isa = PBXGroup;
			children = (
				CD614F3229EF4CEE0057E4AE /* iOSLearningCircle */,
				CD614F3129EF4CEE0057E4AE /* Products */,
			);
			sourceTree = "<group>";
		};
		CD614F3129EF4CEE0057E4AE /* Products */ = {
			isa = PBXGroup;
			children = (
				CD614F3029EF4CEE0057E4AE /* iOSLearningCircle.app */,
			);
			name = Products;
			sourceTree = "<group>";
		};
		CD614F3229EF4CEE0057E4AE /* iOSLearningCircle */ = {
			isa = PBXGroup;
			children = (
				CDCF88452A5F634D007DCF68 /* UIKitControllers */,
				CD0A2E422A39299A001323FF /* SwiftUIViews */,
				CD0A2E3F2A39209C001323FF /* Service */,
				CD0A2E3E2A392096001323FF /* Utils */,
				CD614F3329EF4CEE0057E4AE /* AppDelegate.swift */,
				CD614F3529EF4CEE0057E4AE /* SceneDelegate.swift */,
				CD614F3929EF4CEE0057E4AE /* Main.storyboard */,
				CD614F3C29EF4CF00057E4AE /* Assets.xcassets */,
				CD614F3E29EF4CF00057E4AE /* LaunchScreen.storyboard */,
				CD614F4129EF4CF00057E4AE /* Info.plist */,
				CDDE65212A01CBF900B205FF /* Company.swift */,
				CD7139222A1D7662002A8248 /* iOSLearningCircleModels.xcdatamodeld */,
			);
			path = iOSLearningCircle;
			sourceTree = "<group>";
		};
		CDCF88452A5F634D007DCF68 /* UIKitControllers */ = {
			isa = PBXGroup;
			children = (
				CD0A2E3D2A39208E001323FF /* View */,
				CD0A2E3C2A392083001323FF /* ViewController */,
			);
			path = UIKitControllers;
			sourceTree = "<group>";
		};
/* End PBXGroup section */

/* Begin PBXNativeTarget section */
		CD614F2F29EF4CEE0057E4AE /* iOSLearningCircle */ = {
			isa = PBXNativeTarget;
			buildConfigurationList = CD614F4429EF4CF00057E4AE /* Build configuration list for PBXNativeTarget "iOSLearningCircle" */;
			buildPhases = (
				CD614F2C29EF4CEE0057E4AE /* Sources */,
				CD614F2D29EF4CEE0057E4AE /* Frameworks */,
				CD614F2E29EF4CEE0057E4AE /* Resources */,
			);
			buildRules = (
			);
			dependencies = (
			);
			name = iOSLearningCircle;
			packageProductDependencies = (
				E81472232A68A57C005C2F41 /* SDWebImage */,
			);
			productName = iOSLearningCircle;
			productReference = CD614F3029EF4CEE0057E4AE /* iOSLearningCircle.app */;
			productType = "com.apple.product-type.application";
		};
/* End PBXNativeTarget section */

/* Begin PBXProject section */
		CD614F2829EF4CEE0057E4AE /* Project object */ = {
			isa = PBXProject;
			attributes = {
				BuildIndependentTargetsInParallel = 1;
				LastSwiftUpdateCheck = 1430;
				LastUpgradeCheck = 1430;
				TargetAttributes = {
					CD614F2F29EF4CEE0057E4AE = {
						CreatedOnToolsVersion = 14.3;
					};
				};
			};
			buildConfigurationList = CD614F2B29EF4CEE0057E4AE /* Build configuration list for PBXProject "iOSLearningCircle" */;
			compatibilityVersion = "Xcode 14.0";
			developmentRegion = en;
			hasScannedForEncodings = 0;
			knownRegions = (
				en,
				Base,
			);
			mainGroup = CD614F2729EF4CEE0057E4AE;
			packageReferences = (
				E81472222A68A57C005C2F41 /* XCRemoteSwiftPackageReference "SDWebImage" */,
			);
			productRefGroup = CD614F3129EF4CEE0057E4AE /* Products */;
			projectDirPath = "";
			projectRoot = "";
			targets = (
				CD614F2F29EF4CEE0057E4AE /* iOSLearningCircle */,
			);
		};
/* End PBXProject section */

/* Begin PBXResourcesBuildPhase section */
		CD614F2E29EF4CEE0057E4AE /* Resources */ = {
			isa = PBXResourcesBuildPhase;
			buildActionMask = 2147483647;
			files = (
				CD614F4029EF4CF00057E4AE /* LaunchScreen.storyboard in Resources */,
				CD614F3D29EF4CF00057E4AE /* Assets.xcassets in Resources */,
				CD614F3B29EF4CEE0057E4AE /* Main.storyboard in Resources */,
				CDC1AE542A0AE402007A1217 /* CompanyCell.xib in Resources */,
			);
			runOnlyForDeploymentPostprocessing = 0;
		};
/* End PBXResourcesBuildPhase section */

/* Begin PBXSourcesBuildPhase section */
		CD614F2C29EF4CEE0057E4AE /* Sources */ = {
			isa = PBXSourcesBuildPhase;
			buildActionMask = 2147483647;
			files = (
				CD98E66F2A425D970059620E /* ProductRowView.swift in Sources */,
				CD98E6712A42640C0059620E /* ProductDetailView.swift in Sources */,
				CD0A2E442A3929B2001323FF /* ProductListView.swift in Sources */,
				CD79CA8129F890690006E384 /* CreateCompanyController.swift in Sources */,
				CD614F3829EF4CEE0057E4AE /* ViewController.swift in Sources */,
				CD614F3429EF4CEE0057E4AE /* AppDelegate.swift in Sources */,
				CDC1AE532A0AE402007A1217 /* CompanyCell.swift in Sources */,
				CDDE65202A01C4A600B205FF /* CompaniesController.swift in Sources */,
				CD7139242A1D7662002A8248 /* iOSLearningCircleModels.xcdatamodeld in Sources */,
				CDCF88472A5F6385007DCF68 /* CollectionViewController.swift in Sources */,
				CD0A2E412A3920EB001323FF /* HTTPClient.swift in Sources */,
				CDB90C802A4CF24B0048220E /* WelcomeView.swift in Sources */,
				CD7139262A1D7D2C002A8248 /* CoreDataManager.swift in Sources */,
				CD614F3629EF4CEE0057E4AE /* SceneDelegate.swift in Sources */,
				CDDE65222A01CBF900B205FF /* Company.swift in Sources */,
				CDCF88442A5F5C30007DCF68 /* CompaniesControllerWrapper.swift in Sources */,
				CDC16DAC2A2FF1A100883192 /* UIImageView+CircularImage.swift in Sources */,
			);
			runOnlyForDeploymentPostprocessing = 0;
		};
/* End PBXSourcesBuildPhase section */

/* Begin PBXVariantGroup section */
		CD614F3929EF4CEE0057E4AE /* Main.storyboard */ = {
			isa = PBXVariantGroup;
			children = (
				CD614F3A29EF4CEE0057E4AE /* Base */,
			);
			name = Main.storyboard;
			sourceTree = "<group>";
		};
		CD614F3E29EF4CF00057E4AE /* LaunchScreen.storyboard */ = {
			isa = PBXVariantGroup;
			children = (
				CD614F3F29EF4CF00057E4AE /* Base */,
			);
			name = LaunchScreen.storyboard;
			sourceTree = "<group>";
		};
/* End PBXVariantGroup section */

/* Begin XCBuildConfiguration section */
		CD614F4229EF4CF00057E4AE /* Debug */ = {
			isa = XCBuildConfiguration;
			buildSettings = {
				ALWAYS_SEARCH_USER_PATHS = NO;
				CLANG_ANALYZER_NONNULL = YES;
				CLANG_ANALYZER_NUMBER_OBJECT_CONVERSION = YES_AGGRESSIVE;
				CLANG_CXX_LANGUAGE_STANDARD = "gnu++20";
				CLANG_ENABLE_MODULES = YES;
				CLANG_ENABLE_OBJC_ARC = YES;
				CLANG_ENABLE_OBJC_WEAK = YES;
				CLANG_WARN_BLOCK_CAPTURE_AUTORELEASING = YES;
				CLANG_WARN_BOOL_CONVERSION = YES;
				CLANG_WARN_COMMA = YES;
				CLANG_WARN_CONSTANT_CONVERSION = YES;
				CLANG_WARN_DEPRECATED_OBJC_IMPLEMENTATIONS = YES;
				CLANG_WARN_DIRECT_OBJC_ISA_USAGE = YES_ERROR;
				CLANG_WARN_DOCUMENTATION_COMMENTS = YES;
				CLANG_WARN_EMPTY_BODY = YES;
				CLANG_WARN_ENUM_CONVERSION = YES;
				CLANG_WARN_INFINITE_RECURSION = YES;
				CLANG_WARN_INT_CONVERSION = YES;
				CLANG_WARN_NON_LITERAL_NULL_CONVERSION = YES;
				CLANG_WARN_OBJC_IMPLICIT_RETAIN_SELF = YES;
				CLANG_WARN_OBJC_LITERAL_CONVERSION = YES;
				CLANG_WARN_OBJC_ROOT_CLASS = YES_ERROR;
				CLANG_WARN_QUOTED_INCLUDE_IN_FRAMEWORK_HEADER = YES;
				CLANG_WARN_RANGE_LOOP_ANALYSIS = YES;
				CLANG_WARN_STRICT_PROTOTYPES = YES;
				CLANG_WARN_SUSPICIOUS_MOVE = YES;
				CLANG_WARN_UNGUARDED_AVAILABILITY = YES_AGGRESSIVE;
				CLANG_WARN_UNREACHABLE_CODE = YES;
				CLANG_WARN__DUPLICATE_METHOD_MATCH = YES;
				COPY_PHASE_STRIP = NO;
				DEBUG_INFORMATION_FORMAT = dwarf;
				ENABLE_STRICT_OBJC_MSGSEND = YES;
				ENABLE_TESTABILITY = YES;
				GCC_C_LANGUAGE_STANDARD = gnu11;
				GCC_DYNAMIC_NO_PIC = NO;
				GCC_NO_COMMON_BLOCKS = YES;
				GCC_OPTIMIZATION_LEVEL = 0;
				GCC_PREPROCESSOR_DEFINITIONS = (
					"DEBUG=1",
					"$(inherited)",
				);
				GCC_WARN_64_TO_32_BIT_CONVERSION = YES;
				GCC_WARN_ABOUT_RETURN_TYPE = YES_ERROR;
				GCC_WARN_UNDECLARED_SELECTOR = YES;
				GCC_WARN_UNINITIALIZED_AUTOS = YES_AGGRESSIVE;
				GCC_WARN_UNUSED_FUNCTION = YES;
				GCC_WARN_UNUSED_VARIABLE = YES;
				IPHONEOS_DEPLOYMENT_TARGET = 16.0;
				MTL_ENABLE_DEBUG_INFO = INCLUDE_SOURCE;
				MTL_FAST_MATH = YES;
				ONLY_ACTIVE_ARCH = YES;
				SDKROOT = iphoneos;
				SWIFT_ACTIVE_COMPILATION_CONDITIONS = DEBUG;
				SWIFT_OPTIMIZATION_LEVEL = "-Onone";
			};
			name = Debug;
		};
		CD614F4329EF4CF00057E4AE /* Release */ = {
			isa = XCBuildConfiguration;
			buildSettings = {
				ALWAYS_SEARCH_USER_PATHS = NO;
				CLANG_ANALYZER_NONNULL = YES;
				CLANG_ANALYZER_NUMBER_OBJECT_CONVERSION = YES_AGGRESSIVE;
				CLANG_CXX_LANGUAGE_STANDARD = "gnu++20";
				CLANG_ENABLE_MODULES = YES;
				CLANG_ENABLE_OBJC_ARC = YES;
				CLANG_ENABLE_OBJC_WEAK = YES;
				CLANG_WARN_BLOCK_CAPTURE_AUTORELEASING = YES;
				CLANG_WARN_BOOL_CONVERSION = YES;
				CLANG_WARN_COMMA = YES;
				CLANG_WARN_CONSTANT_CONVERSION = YES;
				CLANG_WARN_DEPRECATED_OBJC_IMPLEMENTATIONS = YES;
				CLANG_WARN_DIRECT_OBJC_ISA_USAGE = YES_ERROR;
				CLANG_WARN_DOCUMENTATION_COMMENTS = YES;
				CLANG_WARN_EMPTY_BODY = YES;
				CLANG_WARN_ENUM_CONVERSION = YES;
				CLANG_WARN_INFINITE_RECURSION = YES;
				CLANG_WARN_INT_CONVERSION = YES;
				CLANG_WARN_NON_LITERAL_NULL_CONVERSION = YES;
				CLANG_WARN_OBJC_IMPLICIT_RETAIN_SELF = YES;
				CLANG_WARN_OBJC_LITERAL_CONVERSION = YES;
				CLANG_WARN_OBJC_ROOT_CLASS = YES_ERROR;
				CLANG_WARN_QUOTED_INCLUDE_IN_FRAMEWORK_HEADER = YES;
				CLANG_WARN_RANGE_LOOP_ANALYSIS = YES;
				CLANG_WARN_STRICT_PROTOTYPES = YES;
				CLANG_WARN_SUSPICIOUS_MOVE = YES;
				CLANG_WARN_UNGUARDED_AVAILABILITY = YES_AGGRESSIVE;
				CLANG_WARN_UNREACHABLE_CODE = YES;
				CLANG_WARN__DUPLICATE_METHOD_MATCH = YES;
				COPY_PHASE_STRIP = NO;
				DEBUG_INFORMATION_FORMAT = "dwarf-with-dsym";
				ENABLE_NS_ASSERTIONS = NO;
				ENABLE_STRICT_OBJC_MSGSEND = YES;
				GCC_C_LANGUAGE_STANDARD = gnu11;
				GCC_NO_COMMON_BLOCKS = YES;
				GCC_WARN_64_TO_32_BIT_CONVERSION = YES;
				GCC_WARN_ABOUT_RETURN_TYPE = YES_ERROR;
				GCC_WARN_UNDECLARED_SELECTOR = YES;
				GCC_WARN_UNINITIALIZED_AUTOS = YES_AGGRESSIVE;
				GCC_WARN_UNUSED_FUNCTION = YES;
				GCC_WARN_UNUSED_VARIABLE = YES;
				IPHONEOS_DEPLOYMENT_TARGET = 16.0;
				MTL_ENABLE_DEBUG_INFO = NO;
				MTL_FAST_MATH = YES;
				SDKROOT = iphoneos;
				SWIFT_COMPILATION_MODE = wholemodule;
				SWIFT_OPTIMIZATION_LEVEL = "-O";
				VALIDATE_PRODUCT = YES;
			};
			name = Release;
		};
		CD614F4529EF4CF00057E4AE /* Debug */ = {
			isa = XCBuildConfiguration;
			buildSettings = {
				ASSETCATALOG_COMPILER_APPICON_NAME = AppIcon;
				ASSETCATALOG_COMPILER_GLOBAL_ACCENT_COLOR_NAME = AccentColor;
				CODE_SIGN_STYLE = Automatic;
				CURRENT_PROJECT_VERSION = 1;
				DEVELOPMENT_TEAM = DH8YX3PC2V;
				GENERATE_INFOPLIST_FILE = YES;
				INFOPLIST_FILE = iOSLearningCircle/Info.plist;
				INFOPLIST_KEY_UIApplicationSupportsIndirectInputEvents = YES;
				INFOPLIST_KEY_UILaunchStoryboardName = LaunchScreen;
				INFOPLIST_KEY_UIMainStoryboardFile = Main;
				INFOPLIST_KEY_UISupportedInterfaceOrientations_iPad = "UIInterfaceOrientationPortrait UIInterfaceOrientationPortraitUpsideDown UIInterfaceOrientationLandscapeLeft UIInterfaceOrientationLandscapeRight";
				INFOPLIST_KEY_UISupportedInterfaceOrientations_iPhone = "UIInterfaceOrientationPortrait UIInterfaceOrientationLandscapeLeft UIInterfaceOrientationLandscapeRight";
				LD_RUNPATH_SEARCH_PATHS = (
					"$(inherited)",
					"@executable_path/Frameworks",
				);
				MARKETING_VERSION = 1.0;
				PRODUCT_BUNDLE_IDENTIFIER = com.albertogarcia.iOSLearningCircle;
				PRODUCT_NAME = "$(TARGET_NAME)";
				SWIFT_EMIT_LOC_STRINGS = YES;
				SWIFT_VERSION = 5.0;
				TARGETED_DEVICE_FAMILY = "1,2";
			};
			name = Debug;
		};
		CD614F4629EF4CF00057E4AE /* Release */ = {
			isa = XCBuildConfiguration;
			buildSettings = {
				ASSETCATALOG_COMPILER_APPICON_NAME = AppIcon;
				ASSETCATALOG_COMPILER_GLOBAL_ACCENT_COLOR_NAME = AccentColor;
				CODE_SIGN_STYLE = Automatic;
				CURRENT_PROJECT_VERSION = 1;
				DEVELOPMENT_TEAM = DH8YX3PC2V;
				GENERATE_INFOPLIST_FILE = YES;
				INFOPLIST_FILE = iOSLearningCircle/Info.plist;
				INFOPLIST_KEY_UIApplicationSupportsIndirectInputEvents = YES;
				INFOPLIST_KEY_UILaunchStoryboardName = LaunchScreen;
				INFOPLIST_KEY_UIMainStoryboardFile = Main;
				INFOPLIST_KEY_UISupportedInterfaceOrientations_iPad = "UIInterfaceOrientationPortrait UIInterfaceOrientationPortraitUpsideDown UIInterfaceOrientationLandscapeLeft UIInterfaceOrientationLandscapeRight";
				INFOPLIST_KEY_UISupportedInterfaceOrientations_iPhone = "UIInterfaceOrientationPortrait UIInterfaceOrientationLandscapeLeft UIInterfaceOrientationLandscapeRight";
				LD_RUNPATH_SEARCH_PATHS = (
					"$(inherited)",
					"@executable_path/Frameworks",
				);
				MARKETING_VERSION = 1.0;
				PRODUCT_BUNDLE_IDENTIFIER = com.albertogarcia.iOSLearningCircle;
				PRODUCT_NAME = "$(TARGET_NAME)";
				SWIFT_EMIT_LOC_STRINGS = YES;
				SWIFT_VERSION = 5.0;
				TARGETED_DEVICE_FAMILY = "1,2";
			};
			name = Release;
		};
/* End XCBuildConfiguration section */

/* Begin XCConfigurationList section */
		CD614F2B29EF4CEE0057E4AE /* Build configuration list for PBXProject "iOSLearningCircle" */ = {
			isa = XCConfigurationList;
			buildConfigurations = (
				CD614F4229EF4CF00057E4AE /* Debug */,
				CD614F4329EF4CF00057E4AE /* Release */,
			);
			defaultConfigurationIsVisible = 0;
			defaultConfigurationName = Release;
		};
		CD614F4429EF4CF00057E4AE /* Build configuration list for PBXNativeTarget "iOSLearningCircle" */ = {
			isa = XCConfigurationList;
			buildConfigurations = (
				CD614F4529EF4CF00057E4AE /* Debug */,
				CD614F4629EF4CF00057E4AE /* Release */,
			);
			defaultConfigurationIsVisible = 0;
			defaultConfigurationName = Release;
		};
/* End XCConfigurationList section */

/* Begin XCRemoteSwiftPackageReference section */
		E81472222A68A57C005C2F41 /* XCRemoteSwiftPackageReference "SDWebImage" */ = {
			isa = XCRemoteSwiftPackageReference;
			repositoryURL = "https://github.com/SDWebImage/SDWebImage";
			requirement = {
				kind = upToNextMajorVersion;
				minimumVersion = 5.0.0;
			};
		};
/* End XCRemoteSwiftPackageReference section */

/* Begin XCSwiftPackageProductDependency section */
		E81472232A68A57C005C2F41 /* SDWebImage */ = {
			isa = XCSwiftPackageProductDependency;
			package = E81472222A68A57C005C2F41 /* XCRemoteSwiftPackageReference "SDWebImage" */;
			productName = SDWebImage;
		};
/* End XCSwiftPackageProductDependency section */

/* Begin XCVersionGroup section */
		CD7139222A1D7662002A8248 /* iOSLearningCircleModels.xcdatamodeld */ = {
			isa = XCVersionGroup;
			children = (
				CD7139232A1D7662002A8248 /* iOSLearningCircleModels.xcdatamodel */,
			);
			currentVersion = CD7139232A1D7662002A8248 /* iOSLearningCircleModels.xcdatamodel */;
			path = iOSLearningCircleModels.xcdatamodeld;
			sourceTree = "<group>";
			versionGroupType = wrapper.xcdatamodel;
		};
/* End XCVersionGroup section */
	};
	rootObject = CD614F2829EF4CEE0057E4AE /* Project object */;
}
